
Microsoft Visual Studio Solution File, Format Version 12.00
# Visual Studio Version 17
VisualStudioVersion = 17.11.35327.3
MinimumVisualStudioVersion = 10.0.40219.1
Project("{FAE04EC0-301F-11D3-BF4B-00C04F79EFBC}") = "UsersManagement", "UsersManagement\UsersManagement.csproj", "{5CC5E8FC-E1FD-470A-8FE0-92C54E0EA518}"
EndProject
Global
	GlobalSection(SolutionConfigurationPlatforms) = preSolution
		Debug|Any CPU = Debug|Any CPU
		Release|Any CPU = Release|Any CPU
	EndGlobalSection
	GlobalSection(ProjectConfigurationPlatforms) = postSolution
		{5CC5E8FC-E1FD-470A-8FE0-92C54E0EA518}.Debug|Any CPU.ActiveCfg = Debug|Any CPU
		{5CC5E8FC-E1FD-470A-8FE0-92C54E0EA518}.Debug|Any CPU.Build.0 = Debug|Any CPU
		{5CC5E8FC-E1FD-470A-8FE0-92C54E0EA518}.Release|Any CPU.ActiveCfg = Release|Any CPU
		{5CC5E8FC-E1FD-470A-8FE0-92C54E0EA518}.Release|Any CPU.Build.0 = Release|Any CPU
	EndGlobalSection
	GlobalSection(SolutionProperties) = preSolution
		HideSolutionNode = FALSE
	EndGlobalSection
	GlobalSection(ExtensibilityGlobals) = postSolution
		SolutionGuid = {EE2BF0B4-0C01-4E45-AD0B-328960E4D92F}
	EndGlobalSection
EndGlobal
